
Microsoft Visual Studio Solution File, Format Version 12.00
# Visual Studio Version 16
VisualStudioVersion = 16.0.30907.101
MinimumVisualStudioVersion = 10.0.40219.1
Project("{9A19103F-16F7-4668-BE54-9A1E7A4F7556}") = "CardAPI", "WebApplication1\CardAPI.csproj", "{7170FED7-0681-40F4-B058-0915B3E6B979}"
EndProject
Project("{9A19103F-16F7-4668-BE54-9A1E7A4F7556}") = "Card.Domain", "..\Card.Domain\Card.Domain.csproj", "{978880EC-EA37-4D16-B04D-1C73F53CAF8A}"
EndProject
Project("{9A19103F-16F7-4668-BE54-9A1E7A4F7556}") = "Card.DataAccess", "..\Card.DataAccess\Card.DataAccess.csproj", "{91470DB0-ED8C-4A6F-BADC-DDA11D19AA00}"
EndProject
Project("{9A19103F-16F7-4668-BE54-9A1E7A4F7556}") = "Card.Services", "..\Card.Services\Card.Services.csproj", "{E5CAF2C3-07CE-4F41-9DF9-4EC7DB570EA6}"
EndProject
Global
	GlobalSection(SolutionConfigurationPlatforms) = preSolution
		Debug|Any CPU = Debug|Any CPU
		Release|Any CPU = Release|Any CPU
	EndGlobalSection
	GlobalSection(ProjectConfigurationPlatforms) = postSolution
		{7170FED7-0681-40F4-B058-0915B3E6B979}.Debug|Any CPU.ActiveCfg = Debug|Any CPU
		{7170FED7-0681-40F4-B058-0915B3E6B979}.Debug|Any CPU.Build.0 = Debug|Any CPU
		{7170FED7-0681-40F4-B058-0915B3E6B979}.Release|Any CPU.ActiveCfg = Release|Any CPU
		{7170FED7-0681-40F4-B058-0915B3E6B979}.Release|Any CPU.Build.0 = Release|Any CPU
		{978880EC-EA37-4D16-B04D-1C73F53CAF8A}.Debug|Any CPU.ActiveCfg = Debug|Any CPU
		{978880EC-EA37-4D16-B04D-1C73F53CAF8A}.Debug|Any CPU.Build.0 = Debug|Any CPU
		{978880EC-EA37-4D16-B04D-1C73F53CAF8A}.Release|Any CPU.ActiveCfg = Release|Any CPU
		{978880EC-EA37-4D16-B04D-1C73F53CAF8A}.Release|Any CPU.Build.0 = Release|Any CPU
		{91470DB0-ED8C-4A6F-BADC-DDA11D19AA00}.Debug|Any CPU.ActiveCfg = Debug|Any CPU
		{91470DB0-ED8C-4A6F-BADC-DDA11D19AA00}.Debug|Any CPU.Build.0 = Debug|Any CPU
		{91470DB0-ED8C-4A6F-BADC-DDA11D19AA00}.Release|Any CPU.ActiveCfg = Release|Any CPU
		{91470DB0-ED8C-4A6F-BADC-DDA11D19AA00}.Release|Any CPU.Build.0 = Release|Any CPU
		{E5CAF2C3-07CE-4F41-9DF9-4EC7DB570EA6}.Debug|Any CPU.ActiveCfg = Debug|Any CPU
		{E5CAF2C3-07CE-4F41-9DF9-4EC7DB570EA6}.Debug|Any CPU.Build.0 = Debug|Any CPU
		{E5CAF2C3-07CE-4F41-9DF9-4EC7DB570EA6}.Release|Any CPU.ActiveCfg = Release|Any CPU
		{E5CAF2C3-07CE-4F41-9DF9-4EC7DB570EA6}.Release|Any CPU.Build.0 = Release|Any CPU
	EndGlobalSection
	GlobalSection(SolutionProperties) = preSolution
		HideSolutionNode = FALSE
	EndGlobalSection
	GlobalSection(ExtensibilityGlobals) = postSolution
		SolutionGuid = {D8551DE1-42D1-4E93-B982-B8D1AA30BFFA}
	EndGlobalSection
EndGlobal
